// !$*UTF8*$!
{
	archiveVersion = 1;
	classes = {
	};
	objectVersion = 56;
	objects = {

/* Begin PBXBuildFile section */
		0E40FACA29BD6B7C00F89019 /* AppDelegate.swift in Sources */ = {isa = PBXBuildFile; fileRef = 0E40FAC929BD6B7C00F89019 /* AppDelegate.swift */; };
		0E40FACC29BD6B7C00F89019 /* SceneDelegate.swift in Sources */ = {isa = PBXBuildFile; fileRef = 0E40FACB29BD6B7C00F89019 /* SceneDelegate.swift */; };
		0E40FAD329BD6B7D00F89019 /* Assets.xcassets in Resources */ = {isa = PBXBuildFile; fileRef = 0E40FAD229BD6B7D00F89019 /* Assets.xcassets */; };
		0E40FAD629BD6B7D00F89019 /* LaunchScreen.storyboard in Resources */ = {isa = PBXBuildFile; fileRef = 0E40FAD429BD6B7D00F89019 /* LaunchScreen.storyboard */; };
		0E40FAE429BD6D7D00F89019 /* Coordinator.swift in Sources */ = {isa = PBXBuildFile; fileRef = 0E40FAE329BD6D7D00F89019 /* Coordinator.swift */; };
		0E40FAE629BD6D9C00F89019 /* AppCoordinator.swift in Sources */ = {isa = PBXBuildFile; fileRef = 0E40FAE529BD6D9C00F89019 /* AppCoordinator.swift */; };
		0E40FAEF29BD6E9E00F89019 /* AllLocations.storyboard in Resources */ = {isa = PBXBuildFile; fileRef = 0E40FAEE29BD6E9E00F89019 /* AllLocations.storyboard */; };
		0E40FAF129BD6EF400F89019 /* LocationsListViewController.swift in Sources */ = {isa = PBXBuildFile; fileRef = 0E40FAF029BD6EF400F89019 /* LocationsListViewController.swift */; };
		0E40FAF329BD704600F89019 /* Storyboarded.swift in Sources */ = {isa = PBXBuildFile; fileRef = 0E40FAF229BD704600F89019 /* Storyboarded.swift */; };
		0E40FAFD29BD780800F89019 /* LocationListItemCellTableViewCell.swift in Sources */ = {isa = PBXBuildFile; fileRef = 0E40FAFB29BD780800F89019 /* LocationListItemCellTableViewCell.swift */; };
		0E40FAFE29BD780800F89019 /* LocationListItemCellTableViewCell.xib in Resources */ = {isa = PBXBuildFile; fileRef = 0E40FAFC29BD780800F89019 /* LocationListItemCellTableViewCell.xib */; };
		0E40FB0029BD7BF600F89019 /* LocationsListViewModel.swift in Sources */ = {isa = PBXBuildFile; fileRef = 0E40FAFF29BD7BF600F89019 /* LocationsListViewModel.swift */; };
/* End PBXBuildFile section */

/* Begin PBXFileReference section */
		0E40FAC629BD6B7C00F89019 /* MeteoPSAAssignment.app */ = {isa = PBXFileReference; explicitFileType = wrapper.application; includeInIndex = 0; path = MeteoPSAAssignment.app; sourceTree = BUILT_PRODUCTS_DIR; };
		0E40FAC929BD6B7C00F89019 /* AppDelegate.swift */ = {isa = PBXFileReference; lastKnownFileType = sourcecode.swift; path = AppDelegate.swift; sourceTree = "<group>"; };
		0E40FACB29BD6B7C00F89019 /* SceneDelegate.swift */ = {isa = PBXFileReference; lastKnownFileType = sourcecode.swift; path = SceneDelegate.swift; sourceTree = "<group>"; };
		0E40FAD229BD6B7D00F89019 /* Assets.xcassets */ = {isa = PBXFileReference; lastKnownFileType = folder.assetcatalog; path = Assets.xcassets; sourceTree = "<group>"; };
		0E40FAD529BD6B7D00F89019 /* Base */ = {isa = PBXFileReference; lastKnownFileType = file.storyboard; name = Base; path = Base.lproj/LaunchScreen.storyboard; sourceTree = "<group>"; };
		0E40FAD729BD6B7D00F89019 /* Info.plist */ = {isa = PBXFileReference; lastKnownFileType = text.plist.xml; path = Info.plist; sourceTree = "<group>"; };
		0E40FAE329BD6D7D00F89019 /* Coordinator.swift */ = {isa = PBXFileReference; lastKnownFileType = sourcecode.swift; path = Coordinator.swift; sourceTree = "<group>"; };
		0E40FAE529BD6D9C00F89019 /* AppCoordinator.swift */ = {isa = PBXFileReference; lastKnownFileType = sourcecode.swift; path = AppCoordinator.swift; sourceTree = "<group>"; };
		0E40FAEE29BD6E9E00F89019 /* AllLocations.storyboard */ = {isa = PBXFileReference; lastKnownFileType = file.storyboard; path = AllLocations.storyboard; sourceTree = "<group>"; };
		0E40FAF029BD6EF400F89019 /* LocationsListViewController.swift */ = {isa = PBXFileReference; lastKnownFileType = sourcecode.swift; path = LocationsListViewController.swift; sourceTree = "<group>"; };
		0E40FAF229BD704600F89019 /* Storyboarded.swift */ = {isa = PBXFileReference; lastKnownFileType = sourcecode.swift; path = Storyboarded.swift; sourceTree = "<group>"; };
		0E40FAFB29BD780800F89019 /* LocationListItemCellTableViewCell.swift */ = {isa = PBXFileReference; lastKnownFileType = sourcecode.swift; path = LocationListItemCellTableViewCell.swift; sourceTree = "<group>"; };
		0E40FAFC29BD780800F89019 /* LocationListItemCellTableViewCell.xib */ = {isa = PBXFileReference; lastKnownFileType = file.xib; path = LocationListItemCellTableViewCell.xib; sourceTree = "<group>"; };
		0E40FAFF29BD7BF600F89019 /* LocationsListViewModel.swift */ = {isa = PBXFileReference; lastKnownFileType = sourcecode.swift; path = LocationsListViewModel.swift; sourceTree = "<group>"; };
/* End PBXFileReference section */

/* Begin PBXFrameworksBuildPhase section */
		0E40FAC329BD6B7C00F89019 /* Frameworks */ = {
			isa = PBXFrameworksBuildPhase;
			buildActionMask = 2147483647;
			files = (
			);
			runOnlyForDeploymentPostprocessing = 0;
		};
/* End PBXFrameworksBuildPhase section */

/* Begin PBXGroup section */
		0E40FABD29BD6B7C00F89019 = {
			isa = PBXGroup;
			children = (
				0E40FAC829BD6B7C00F89019 /* MeteoPSAAssignment */,
				0E40FAC729BD6B7C00F89019 /* Products */,
			);
			sourceTree = "<group>";
		};
		0E40FAC729BD6B7C00F89019 /* Products */ = {
			isa = PBXGroup;
			children = (
				0E40FAC629BD6B7C00F89019 /* MeteoPSAAssignment.app */,
			);
			name = Products;
			sourceTree = "<group>";
		};
		0E40FAC829BD6B7C00F89019 /* MeteoPSAAssignment */ = {
			isa = PBXGroup;
			children = (
				0E40FADD29BD6C5000F89019 /* Utilities */,
				0E40FADE29BD6C7200F89019 /* Models */,
				0E40FAF929BD77B200F89019 /* Scenes */,
				0E40FAE229BD6D6600F89019 /* Shared */,
				0E40FB0129BD7DD900F89019 /* Extensions */,
				0E40FAD229BD6B7D00F89019 /* Assets.xcassets */,
			);
			path = MeteoPSAAssignment;
			sourceTree = "<group>";
		};
		0E40FADD29BD6C5000F89019 /* Utilities */ = {
			isa = PBXGroup;
			children = (
				0E40FAC929BD6B7C00F89019 /* AppDelegate.swift */,
				0E40FACB29BD6B7C00F89019 /* SceneDelegate.swift */,
				0E40FAD429BD6B7D00F89019 /* LaunchScreen.storyboard */,
				0E40FAD729BD6B7D00F89019 /* Info.plist */,
			);
			path = Utilities;
			sourceTree = "<group>";
		};
		0E40FADE29BD6C7200F89019 /* Models */ = {
			isa = PBXGroup;
			children = (
			);
			path = Models;
			sourceTree = "<group>";
		};
		0E40FADF29BD6C9300F89019 /* Views */ = {
			isa = PBXGroup;
			children = (
				0E40FAFA29BD77D700F89019 /* Cells */,
				0E40FAEA29BD6E4600F89019 /* ViewControllers */,
				0E40FAEB29BD6E4D00F89019 /* Storyboards */,
			);
			path = Views;
			sourceTree = "<group>";
		};
		0E40FAE029BD6C9A00F89019 /* ViewModels */ = {
			isa = PBXGroup;
			children = (
				0E40FAFF29BD7BF600F89019 /* LocationsListViewModel.swift */,
			);
			path = ViewModels;
			sourceTree = "<group>";
		};
		0E40FAE229BD6D6600F89019 /* Shared */ = {
			isa = PBXGroup;
			children = (
				0E40FAE329BD6D7D00F89019 /* Coordinator.swift */,
				0E40FAE529BD6D9C00F89019 /* AppCoordinator.swift */,
				0E40FAF229BD704600F89019 /* Storyboarded.swift */,
			);
			path = Shared;
			sourceTree = "<group>";
		};
		0E40FAE829BD6E1E00F89019 /* LocationCRUD */ = {
			isa = PBXGroup;
			children = (
				0E40FAF829BD77A900F89019 /* ViewModels */,
				0E40FAF729BD779700F89019 /* Views */,
			);
			path = LocationCRUD;
			sourceTree = "<group>";
		};
		0E40FAE929BD6E2A00F89019 /* LocationsList */ = {
			isa = PBXGroup;
			children = (
				0E40FAE029BD6C9A00F89019 /* ViewModels */,
				0E40FADF29BD6C9300F89019 /* Views */,
			);
			path = LocationsList;
			sourceTree = "<group>";
		};
		0E40FAEA29BD6E4600F89019 /* ViewControllers */ = {
			isa = PBXGroup;
			children = (
				0E40FAF029BD6EF400F89019 /* LocationsListViewController.swift */,
			);
			path = ViewControllers;
			sourceTree = "<group>";
		};
		0E40FAEB29BD6E4D00F89019 /* Storyboards */ = {
			isa = PBXGroup;
			children = (
				0E40FAEE29BD6E9E00F89019 /* AllLocations.storyboard */,
			);
			path = Storyboards;
			sourceTree = "<group>";
		};
		0E40FAEC29BD6E5C00F89019 /* ViewControllers */ = {
			isa = PBXGroup;
			children = (
			);
			path = ViewControllers;
			sourceTree = "<group>";
		};
		0E40FAED29BD6E6200F89019 /* Storyboards */ = {
			isa = PBXGroup;
			children = (
			);
			path = Storyboards;
			sourceTree = "<group>";
		};
		0E40FAF729BD779700F89019 /* Views */ = {
			isa = PBXGroup;
			children = (
				0E40FAED29BD6E6200F89019 /* Storyboards */,
				0E40FAEC29BD6E5C00F89019 /* ViewControllers */,
			);
			path = Views;
			sourceTree = "<group>";
		};
		0E40FAF829BD77A900F89019 /* ViewModels */ = {
			isa = PBXGroup;
			children = (
			);
			path = ViewModels;
			sourceTree = "<group>";
		};
		0E40FAF929BD77B200F89019 /* Scenes */ = {
			isa = PBXGroup;
			children = (
				0E40FAE929BD6E2A00F89019 /* LocationsList */,
				0E40FAE829BD6E1E00F89019 /* LocationCRUD */,
			);
			path = Scenes;
			sourceTree = "<group>";
		};
		0E40FAFA29BD77D700F89019 /* Cells */ = {
			isa = PBXGroup;
			children = (
				0E40FAFB29BD780800F89019 /* LocationListItemCellTableViewCell.swift */,
				0E40FAFC29BD780800F89019 /* LocationListItemCellTableViewCell.xib */,
			);
			path = Cells;
			sourceTree = "<group>";
		};
		0E40FB0129BD7DD900F89019 /* Extensions */ = {
			isa = PBXGroup;
			children = (
			);
			path = Extensions;
			sourceTree = "<group>";
		};
/* End PBXGroup section */

/* Begin PBXNativeTarget section */
		0E40FAC529BD6B7C00F89019 /* MeteoPSAAssignment */ = {
			isa = PBXNativeTarget;
			buildConfigurationList = 0E40FADA29BD6B7D00F89019 /* Build configuration list for PBXNativeTarget "MeteoPSAAssignment" */;
			buildPhases = (
				0E40FAC229BD6B7C00F89019 /* Sources */,
				0E40FAC329BD6B7C00F89019 /* Frameworks */,
				0E40FAC429BD6B7C00F89019 /* Resources */,
			);
			buildRules = (
			);
			dependencies = (
			);
			name = MeteoPSAAssignment;
			productName = MeteoPSAAssignment;
			productReference = 0E40FAC629BD6B7C00F89019 /* MeteoPSAAssignment.app */;
			productType = "com.apple.product-type.application";
		};
/* End PBXNativeTarget section */

/* Begin PBXProject section */
		0E40FABE29BD6B7C00F89019 /* Project object */ = {
			isa = PBXProject;
			attributes = {
				BuildIndependentTargetsInParallel = 1;
				LastSwiftUpdateCheck = 1410;
				LastUpgradeCheck = 1410;
				TargetAttributes = {
					0E40FAC529BD6B7C00F89019 = {
						CreatedOnToolsVersion = 14.1;
					};
				};
			};
			buildConfigurationList = 0E40FAC129BD6B7C00F89019 /* Build configuration list for PBXProject "MeteoPSAAssignment" */;
			compatibilityVersion = "Xcode 14.0";
			developmentRegion = en;
			hasScannedForEncodings = 0;
			knownRegions = (
				en,
				Base,
			);
			mainGroup = 0E40FABD29BD6B7C00F89019;
			productRefGroup = 0E40FAC729BD6B7C00F89019 /* Products */;
			projectDirPath = "";
			projectRoot = "";
			targets = (
				0E40FAC529BD6B7C00F89019 /* MeteoPSAAssignment */,
			);
		};
/* End PBXProject section */

/* Begin PBXResourcesBuildPhase section */
		0E40FAC429BD6B7C00F89019 /* Resources */ = {
			isa = PBXResourcesBuildPhase;
			buildActionMask = 2147483647;
			files = (
				0E40FAEF29BD6E9E00F89019 /* AllLocations.storyboard in Resources */,
				0E40FAFE29BD780800F89019 /* LocationListItemCellTableViewCell.xib in Resources */,
				0E40FAD629BD6B7D00F89019 /* LaunchScreen.storyboard in Resources */,
				0E40FAD329BD6B7D00F89019 /* Assets.xcassets in Resources */,
			);
			runOnlyForDeploymentPostprocessing = 0;
		};
/* End PBXResourcesBuildPhase section */

/* Begin PBXSourcesBuildPhase section */
		0E40FAC229BD6B7C00F89019 /* Sources */ = {
			isa = PBXSourcesBuildPhase;
			buildActionMask = 2147483647;
			files = (
				0E40FAE429BD6D7D00F89019 /* Coordinator.swift in Sources */,
				0E40FAFD29BD780800F89019 /* LocationListItemCellTableViewCell.swift in Sources */,
				0E40FAF129BD6EF400F89019 /* LocationsListViewController.swift in Sources */,
				0E40FB0029BD7BF600F89019 /* LocationsListViewModel.swift in Sources */,
				0E40FAE629BD6D9C00F89019 /* AppCoordinator.swift in Sources */,
				0E40FACA29BD6B7C00F89019 /* AppDelegate.swift in Sources */,
				0E40FACC29BD6B7C00F89019 /* SceneDelegate.swift in Sources */,
				0E40FAF329BD704600F89019 /* Storyboarded.swift in Sources */,
			);
			runOnlyForDeploymentPostprocessing = 0;
		};
/* End PBXSourcesBuildPhase section */

/* Begin PBXVariantGroup section */
		0E40FAD429BD6B7D00F89019 /* LaunchScreen.storyboard */ = {
			isa = PBXVariantGroup;
			children = (
				0E40FAD529BD6B7D00F89019 /* Base */,
			);
			name = LaunchScreen.storyboard;
			sourceTree = "<group>";
		};
/* End PBXVariantGroup section */

/* Begin XCBuildConfiguration section */
		0E40FAD829BD6B7D00F89019 /* Debug */ = {
			isa = XCBuildConfiguration;
			buildSettings = {
				ALWAYS_SEARCH_USER_PATHS = NO;
				CLANG_ANALYZER_NONNULL = YES;
				CLANG_ANALYZER_NUMBER_OBJECT_CONVERSION = YES_AGGRESSIVE;
				CLANG_CXX_LANGUAGE_STANDARD = "gnu++20";
				CLANG_ENABLE_MODULES = YES;
				CLANG_ENABLE_OBJC_ARC = YES;
				CLANG_ENABLE_OBJC_WEAK = YES;
				CLANG_WARN_BLOCK_CAPTURE_AUTORELEASING = YES;
				CLANG_WARN_BOOL_CONVERSION = YES;
				CLANG_WARN_COMMA = YES;
				CLANG_WARN_CONSTANT_CONVERSION = YES;
				CLANG_WARN_DEPRECATED_OBJC_IMPLEMENTATIONS = YES;
				CLANG_WARN_DIRECT_OBJC_ISA_USAGE = YES_ERROR;
				CLANG_WARN_DOCUMENTATION_COMMENTS = YES;
				CLANG_WARN_EMPTY_BODY = YES;
				CLANG_WARN_ENUM_CONVERSION = YES;
				CLANG_WARN_INFINITE_RECURSION = YES;
				CLANG_WARN_INT_CONVERSION = YES;
				CLANG_WARN_NON_LITERAL_NULL_CONVERSION = YES;
				CLANG_WARN_OBJC_IMPLICIT_RETAIN_SELF = YES;
				CLANG_WARN_OBJC_LITERAL_CONVERSION = YES;
				CLANG_WARN_OBJC_ROOT_CLASS = YES_ERROR;
				CLANG_WARN_QUOTED_INCLUDE_IN_FRAMEWORK_HEADER = YES;
				CLANG_WARN_RANGE_LOOP_ANALYSIS = YES;
				CLANG_WARN_STRICT_PROTOTYPES = YES;
				CLANG_WARN_SUSPICIOUS_MOVE = YES;
				CLANG_WARN_UNGUARDED_AVAILABILITY = YES_AGGRESSIVE;
				CLANG_WARN_UNREACHABLE_CODE = YES;
				CLANG_WARN__DUPLICATE_METHOD_MATCH = YES;
				COPY_PHASE_STRIP = NO;
				DEBUG_INFORMATION_FORMAT = dwarf;
				ENABLE_STRICT_OBJC_MSGSEND = YES;
				ENABLE_TESTABILITY = YES;
				GCC_C_LANGUAGE_STANDARD = gnu11;
				GCC_DYNAMIC_NO_PIC = NO;
				GCC_NO_COMMON_BLOCKS = YES;
				GCC_OPTIMIZATION_LEVEL = 0;
				GCC_PREPROCESSOR_DEFINITIONS = (
					"DEBUG=1",
					"$(inherited)",
				);
				GCC_WARN_64_TO_32_BIT_CONVERSION = YES;
				GCC_WARN_ABOUT_RETURN_TYPE = YES_ERROR;
				GCC_WARN_UNDECLARED_SELECTOR = YES;
				GCC_WARN_UNINITIALIZED_AUTOS = YES_AGGRESSIVE;
				GCC_WARN_UNUSED_FUNCTION = YES;
				GCC_WARN_UNUSED_VARIABLE = YES;
				IPHONEOS_DEPLOYMENT_TARGET = 16.1;
				MTL_ENABLE_DEBUG_INFO = INCLUDE_SOURCE;
				MTL_FAST_MATH = YES;
				ONLY_ACTIVE_ARCH = YES;
				SDKROOT = iphoneos;
				SWIFT_ACTIVE_COMPILATION_CONDITIONS = DEBUG;
				SWIFT_OPTIMIZATION_LEVEL = "-Onone";
			};
			name = Debug;
		};
		0E40FAD929BD6B7D00F89019 /* Release */ = {
			isa = XCBuildConfiguration;
			buildSettings = {
				ALWAYS_SEARCH_USER_PATHS = NO;
				CLANG_ANALYZER_NONNULL = YES;
				CLANG_ANALYZER_NUMBER_OBJECT_CONVERSION = YES_AGGRESSIVE;
				CLANG_CXX_LANGUAGE_STANDARD = "gnu++20";
				CLANG_ENABLE_MODULES = YES;
				CLANG_ENABLE_OBJC_ARC = YES;
				CLANG_ENABLE_OBJC_WEAK = YES;
				CLANG_WARN_BLOCK_CAPTURE_AUTORELEASING = YES;
				CLANG_WARN_BOOL_CONVERSION = YES;
				CLANG_WARN_COMMA = YES;
				CLANG_WARN_CONSTANT_CONVERSION = YES;
				CLANG_WARN_DEPRECATED_OBJC_IMPLEMENTATIONS = YES;
				CLANG_WARN_DIRECT_OBJC_ISA_USAGE = YES_ERROR;
				CLANG_WARN_DOCUMENTATION_COMMENTS = YES;
				CLANG_WARN_EMPTY_BODY = YES;
				CLANG_WARN_ENUM_CONVERSION = YES;
				CLANG_WARN_INFINITE_RECURSION = YES;
				CLANG_WARN_INT_CONVERSION = YES;
				CLANG_WARN_NON_LITERAL_NULL_CONVERSION = YES;
				CLANG_WARN_OBJC_IMPLICIT_RETAIN_SELF = YES;
				CLANG_WARN_OBJC_LITERAL_CONVERSION = YES;
				CLANG_WARN_OBJC_ROOT_CLASS = YES_ERROR;
				CLANG_WARN_QUOTED_INCLUDE_IN_FRAMEWORK_HEADER = YES;
				CLANG_WARN_RANGE_LOOP_ANALYSIS = YES;
				CLANG_WARN_STRICT_PROTOTYPES = YES;
				CLANG_WARN_SUSPICIOUS_MOVE = YES;
				CLANG_WARN_UNGUARDED_AVAILABILITY = YES_AGGRESSIVE;
				CLANG_WARN_UNREACHABLE_CODE = YES;
				CLANG_WARN__DUPLICATE_METHOD_MATCH = YES;
				COPY_PHASE_STRIP = NO;
				DEBUG_INFORMATION_FORMAT = "dwarf-with-dsym";
				ENABLE_NS_ASSERTIONS = NO;
				ENABLE_STRICT_OBJC_MSGSEND = YES;
				GCC_C_LANGUAGE_STANDARD = gnu11;
				GCC_NO_COMMON_BLOCKS = YES;
				GCC_WARN_64_TO_32_BIT_CONVERSION = YES;
				GCC_WARN_ABOUT_RETURN_TYPE = YES_ERROR;
				GCC_WARN_UNDECLARED_SELECTOR = YES;
				GCC_WARN_UNINITIALIZED_AUTOS = YES_AGGRESSIVE;
				GCC_WARN_UNUSED_FUNCTION = YES;
				GCC_WARN_UNUSED_VARIABLE = YES;
				IPHONEOS_DEPLOYMENT_TARGET = 16.1;
				MTL_ENABLE_DEBUG_INFO = NO;
				MTL_FAST_MATH = YES;
				SDKROOT = iphoneos;
				SWIFT_COMPILATION_MODE = wholemodule;
				SWIFT_OPTIMIZATION_LEVEL = "-O";
				VALIDATE_PRODUCT = YES;
			};
			name = Release;
		};
		0E40FADB29BD6B7D00F89019 /* Debug */ = {
			isa = XCBuildConfiguration;
			buildSettings = {
				ASSETCATALOG_COMPILER_APPICON_NAME = AppIcon;
				ASSETCATALOG_COMPILER_GLOBAL_ACCENT_COLOR_NAME = AccentColor;
				CODE_SIGN_STYLE = Automatic;
				CURRENT_PROJECT_VERSION = 1;
				DEVELOPMENT_TEAM = HZ8BT8CRG5;
				GENERATE_INFOPLIST_FILE = YES;
				INFOPLIST_FILE = MeteoPSAAssignment/Utilities/Info.plist;
				INFOPLIST_KEY_UIApplicationSupportsIndirectInputEvents = YES;
				INFOPLIST_KEY_UILaunchStoryboardName = LaunchScreen;
				INFOPLIST_KEY_UISupportedInterfaceOrientations_iPad = "UIInterfaceOrientationPortrait UIInterfaceOrientationPortraitUpsideDown UIInterfaceOrientationLandscapeLeft UIInterfaceOrientationLandscapeRight";
				INFOPLIST_KEY_UISupportedInterfaceOrientations_iPhone = "UIInterfaceOrientationPortrait UIInterfaceOrientationLandscapeLeft UIInterfaceOrientationLandscapeRight";
				IPHONEOS_DEPLOYMENT_TARGET = 11.0;
				LD_RUNPATH_SEARCH_PATHS = (
					"$(inherited)",
					"@executable_path/Frameworks",
				);
				MARKETING_VERSION = 1.0;
				PRODUCT_BUNDLE_IDENTIFIER = me.walid.MeteoPSAAssignment;
				PRODUCT_NAME = "$(TARGET_NAME)";
				SWIFT_EMIT_LOC_STRINGS = YES;
				SWIFT_VERSION = 5.0;
				TARGETED_DEVICE_FAMILY = "1,2";
			};
			name = Debug;
		};
		0E40FADC29BD6B7D00F89019 /* Release */ = {
			isa = XCBuildConfiguration;
			buildSettings = {
				ASSETCATALOG_COMPILER_APPICON_NAME = AppIcon;
				ASSETCATALOG_COMPILER_GLOBAL_ACCENT_COLOR_NAME = AccentColor;
				CODE_SIGN_STYLE = Automatic;
				CURRENT_PROJECT_VERSION = 1;
				DEVELOPMENT_TEAM = HZ8BT8CRG5;
				GENERATE_INFOPLIST_FILE = YES;
				INFOPLIST_FILE = MeteoPSAAssignment/Utilities/Info.plist;
				INFOPLIST_KEY_UIApplicationSupportsIndirectInputEvents = YES;
				INFOPLIST_KEY_UILaunchStoryboardName = LaunchScreen;
				INFOPLIST_KEY_UISupportedInterfaceOrientations_iPad = "UIInterfaceOrientationPortrait UIInterfaceOrientationPortraitUpsideDown UIInterfaceOrientationLandscapeLeft UIInterfaceOrientationLandscapeRight";
				INFOPLIST_KEY_UISupportedInterfaceOrientations_iPhone = "UIInterfaceOrientationPortrait UIInterfaceOrientationLandscapeLeft UIInterfaceOrientationLandscapeRight";
				IPHONEOS_DEPLOYMENT_TARGET = 11.0;
				LD_RUNPATH_SEARCH_PATHS = (
					"$(inherited)",
					"@executable_path/Frameworks",
				);
				MARKETING_VERSION = 1.0;
				PRODUCT_BUNDLE_IDENTIFIER = me.walid.MeteoPSAAssignment;
				PRODUCT_NAME = "$(TARGET_NAME)";
				SWIFT_EMIT_LOC_STRINGS = YES;
				SWIFT_VERSION = 5.0;
				TARGETED_DEVICE_FAMILY = "1,2";
			};
			name = Release;
		};
/* End XCBuildConfiguration section */

/* Begin XCConfigurationList section */
		0E40FAC129BD6B7C00F89019 /* Build configuration list for PBXProject "MeteoPSAAssignment" */ = {
			isa = XCConfigurationList;
			buildConfigurations = (
				0E40FAD829BD6B7D00F89019 /* Debug */,
				0E40FAD929BD6B7D00F89019 /* Release */,
			);
			defaultConfigurationIsVisible = 0;
			defaultConfigurationName = Release;
		};
		0E40FADA29BD6B7D00F89019 /* Build configuration list for PBXNativeTarget "MeteoPSAAssignment" */ = {
			isa = XCConfigurationList;
			buildConfigurations = (
				0E40FADB29BD6B7D00F89019 /* Debug */,
				0E40FADC29BD6B7D00F89019 /* Release */,
			);
			defaultConfigurationIsVisible = 0;
			defaultConfigurationName = Release;
		};
/* End XCConfigurationList section */
	};
	rootObject = 0E40FABE29BD6B7C00F89019 /* Project object */;
}
